
Microsoft Visual Studio Solution File, Format Version 12.00
# Visual Studio Version 17
VisualStudioVersion = 17.6.33815.320
MinimumVisualStudioVersion = 10.0.40219.1
Project("{FAE04EC0-301F-11D3-BF4B-00C04F79EFBC}") = "balkezesek", "balkezesek\balkezesek.csproj", "{FA14015D-6CF0-40F4-A082-6D90FC8A66DB}"
EndProject
Global
	GlobalSection(SolutionConfigurationPlatforms) = preSolution
		Debug|Any CPU = Debug|Any CPU
		Release|Any CPU = Release|Any CPU
	EndGlobalSection
	GlobalSection(ProjectConfigurationPlatforms) = postSolution
		{FA14015D-6CF0-40F4-A082-6D90FC8A66DB}.Debug|Any CPU.ActiveCfg = Debug|Any CPU
		{FA14015D-6CF0-40F4-A082-6D90FC8A66DB}.Debug|Any CPU.Build.0 = Debug|Any CPU
		{FA14015D-6CF0-40F4-A082-6D90FC8A66DB}.Release|Any CPU.ActiveCfg = Release|Any CPU
		{FA14015D-6CF0-40F4-A082-6D90FC8A66DB}.Release|Any CPU.Build.0 = Release|Any CPU
	EndGlobalSection
	GlobalSection(SolutionProperties) = preSolution
		HideSolutionNode = FALSE
	EndGlobalSection
	GlobalSection(ExtensibilityGlobals) = postSolution
		SolutionGuid = {58860EAB-B187-4C70-9C32-37FF60D865CA}
	EndGlobalSection
EndGlobal
